// !$*UTF8*$!
{
	archiveVersion = 1;
	classes = {
	};
	objectVersion = 46;
	objects = {

/* Begin PBXBuildFile section */
		3789B83A1DCBCE9400E862EC /* AppDelegate.swift in Sources */ = {isa = PBXBuildFile; fileRef = 3789B8391DCBCE9400E862EC /* AppDelegate.swift */; };
		3789B83C1DCBCE9400E862EC /* RecordSoundsViewController.swift in Sources */ = {isa = PBXBuildFile; fileRef = 3789B83B1DCBCE9400E862EC /* RecordSoundsViewController.swift */; };
		3789B83F1DCBCE9400E862EC /* Main.storyboard in Resources */ = {isa = PBXBuildFile; fileRef = 3789B83D1DCBCE9400E862EC /* Main.storyboard */; };
		3789B8411DCBCE9500E862EC /* Assets.xcassets in Resources */ = {isa = PBXBuildFile; fileRef = 3789B8401DCBCE9500E862EC /* Assets.xcassets */; };
		3789B8441DCBCE9500E862EC /* LaunchScreen.storyboard in Resources */ = {isa = PBXBuildFile; fileRef = 3789B8421DCBCE9500E862EC /* LaunchScreen.storyboard */; };
		3789B84F1DCBCE9500E862EC /* PitchPerfectTests.swift in Sources */ = {isa = PBXBuildFile; fileRef = 3789B84E1DCBCE9500E862EC /* PitchPerfectTests.swift */; };
		3789B85A1DCBCE9500E862EC /* PitchPerfectUITests.swift in Sources */ = {isa = PBXBuildFile; fileRef = 3789B8591DCBCE9500E862EC /* PitchPerfectUITests.swift */; };
		37D008601DD64BA9009812E9 /* PlaySoundsViewController+Audio.swift in Sources */ = {isa = PBXBuildFile; fileRef = 37D0085F1DD64BA9009812E9 /* PlaySoundsViewController+Audio.swift */; };
		37FD0A041DD4B5B1003142B2 /* PlaySoundsViewController.swift in Sources */ = {isa = PBXBuildFile; fileRef = 37FD0A031DD4B5B1003142B2 /* PlaySoundsViewController.swift */; };
/* End PBXBuildFile section */

/* Begin PBXContainerItemProxy section */
		3789B84B1DCBCE9500E862EC /* PBXContainerItemProxy */ = {
			isa = PBXContainerItemProxy;
			containerPortal = 3789B82E1DCBCE9400E862EC /* Project object */;
			proxyType = 1;
			remoteGlobalIDString = 3789B8351DCBCE9400E862EC;
			remoteInfo = PitchPerfect;
		};
		3789B8561DCBCE9500E862EC /* PBXContainerItemProxy */ = {
			isa = PBXContainerItemProxy;
			containerPortal = 3789B82E1DCBCE9400E862EC /* Project object */;
			proxyType = 1;
			remoteGlobalIDString = 3789B8351DCBCE9400E862EC;
			remoteInfo = PitchPerfect;
		};
/* End PBXContainerItemProxy section */

/* Begin PBXFileReference section */
		3789B8361DCBCE9400E862EC /* PitchPerfect.app */ = {isa = PBXFileReference; explicitFileType = wrapper.application; includeInIndex = 0; path = PitchPerfect.app; sourceTree = BUILT_PRODUCTS_DIR; };
		3789B8391DCBCE9400E862EC /* AppDelegate.swift */ = {isa = PBXFileReference; lastKnownFileType = sourcecode.swift; path = AppDelegate.swift; sourceTree = "<group>"; };
		3789B83B1DCBCE9400E862EC /* RecordSoundsViewController.swift */ = {isa = PBXFileReference; lastKnownFileType = sourcecode.swift; path = RecordSoundsViewController.swift; sourceTree = "<group>"; };
		3789B83E1DCBCE9400E862EC /* Base */ = {isa = PBXFileReference; lastKnownFileType = file.storyboard; name = Base; path = Base.lproj/Main.storyboard; sourceTree = "<group>"; };
		3789B8401DCBCE9500E862EC /* Assets.xcassets */ = {isa = PBXFileReference; lastKnownFileType = folder.assetcatalog; path = Assets.xcassets; sourceTree = "<group>"; };
		3789B8431DCBCE9500E862EC /* Base */ = {isa = PBXFileReference; lastKnownFileType = file.storyboard; name = Base; path = Base.lproj/LaunchScreen.storyboard; sourceTree = "<group>"; };
		3789B8451DCBCE9500E862EC /* Info.plist */ = {isa = PBXFileReference; lastKnownFileType = text.plist.xml; path = Info.plist; sourceTree = "<group>"; };
		3789B84A1DCBCE9500E862EC /* PitchPerfectTests.xctest */ = {isa = PBXFileReference; explicitFileType = wrapper.cfbundle; includeInIndex = 0; path = PitchPerfectTests.xctest; sourceTree = BUILT_PRODUCTS_DIR; };
		3789B84E1DCBCE9500E862EC /* PitchPerfectTests.swift */ = {isa = PBXFileReference; lastKnownFileType = sourcecode.swift; path = PitchPerfectTests.swift; sourceTree = "<group>"; };
		3789B8501DCBCE9500E862EC /* Info.plist */ = {isa = PBXFileReference; lastKnownFileType = text.plist.xml; path = Info.plist; sourceTree = "<group>"; };
		3789B8551DCBCE9500E862EC /* PitchPerfectUITests.xctest */ = {isa = PBXFileReference; explicitFileType = wrapper.cfbundle; includeInIndex = 0; path = PitchPerfectUITests.xctest; sourceTree = BUILT_PRODUCTS_DIR; };
		3789B8591DCBCE9500E862EC /* PitchPerfectUITests.swift */ = {isa = PBXFileReference; lastKnownFileType = sourcecode.swift; path = PitchPerfectUITests.swift; sourceTree = "<group>"; };
		3789B85B1DCBCE9500E862EC /* Info.plist */ = {isa = PBXFileReference; lastKnownFileType = text.plist.xml; path = Info.plist; sourceTree = "<group>"; };
		37D0085F1DD64BA9009812E9 /* PlaySoundsViewController+Audio.swift */ = {isa = PBXFileReference; fileEncoding = 4; lastKnownFileType = sourcecode.swift; path = "PlaySoundsViewController+Audio.swift"; sourceTree = "<group>"; };
		37FD0A031DD4B5B1003142B2 /* PlaySoundsViewController.swift */ = {isa = PBXFileReference; fileEncoding = 4; lastKnownFileType = sourcecode.swift; path = PlaySoundsViewController.swift; sourceTree = "<group>"; };
/* End PBXFileReference section */

/* Begin PBXFrameworksBuildPhase section */
		3789B8331DCBCE9400E862EC /* Frameworks */ = {
			isa = PBXFrameworksBuildPhase;
			buildActionMask = 2147483647;
			files = (
			);
			runOnlyForDeploymentPostprocessing = 0;
		};
		3789B8471DCBCE9500E862EC /* Frameworks */ = {
			isa = PBXFrameworksBuildPhase;
			buildActionMask = 2147483647;
			files = (
			);
			runOnlyForDeploymentPostprocessing = 0;
		};
		3789B8521DCBCE9500E862EC /* Frameworks */ = {
			isa = PBXFrameworksBuildPhase;
			buildActionMask = 2147483647;
			files = (
			);
			runOnlyForDeploymentPostprocessing = 0;
		};
/* End PBXFrameworksBuildPhase section */

/* Begin PBXGroup section */
		3789B82D1DCBCE9400E862EC = {
			isa = PBXGroup;
			children = (
				3789B8381DCBCE9400E862EC /* PitchPerfect */,
				3789B84D1DCBCE9500E862EC /* PitchPerfectTests */,
				3789B8581DCBCE9500E862EC /* PitchPerfectUITests */,
				3789B8371DCBCE9400E862EC /* Products */,
			);
			sourceTree = "<group>";
		};
		3789B8371DCBCE9400E862EC /* Products */ = {
			isa = PBXGroup;
			children = (
				3789B8361DCBCE9400E862EC /* PitchPerfect.app */,
				3789B84A1DCBCE9500E862EC /* PitchPerfectTests.xctest */,
				3789B8551DCBCE9500E862EC /* PitchPerfectUITests.xctest */,
			);
			name = Products;
			sourceTree = "<group>";
		};
		3789B8381DCBCE9400E862EC /* PitchPerfect */ = {
			isa = PBXGroup;
			children = (
				37D0085F1DD64BA9009812E9 /* PlaySoundsViewController+Audio.swift */,
				3789B8391DCBCE9400E862EC /* AppDelegate.swift */,
				3789B83B1DCBCE9400E862EC /* RecordSoundsViewController.swift */,
				3789B83D1DCBCE9400E862EC /* Main.storyboard */,
				37FD0A031DD4B5B1003142B2 /* PlaySoundsViewController.swift */,
				3789B8401DCBCE9500E862EC /* Assets.xcassets */,
				3789B8421DCBCE9500E862EC /* LaunchScreen.storyboard */,
				3789B8451DCBCE9500E862EC /* Info.plist */,
			);
			path = PitchPerfect;
			sourceTree = "<group>";
		};
		3789B84D1DCBCE9500E862EC /* PitchPerfectTests */ = {
			isa = PBXGroup;
			children = (
				3789B84E1DCBCE9500E862EC /* PitchPerfectTests.swift */,
				3789B8501DCBCE9500E862EC /* Info.plist */,
			);
			path = PitchPerfectTests;
			sourceTree = "<group>";
		};
		3789B8581DCBCE9500E862EC /* PitchPerfectUITests */ = {
			isa = PBXGroup;
			children = (
				3789B8591DCBCE9500E862EC /* PitchPerfectUITests.swift */,
				3789B85B1DCBCE9500E862EC /* Info.plist */,
			);
			path = PitchPerfectUITests;
			sourceTree = "<group>";
		};
/* End PBXGroup section */

/* Begin PBXNativeTarget section */
		3789B8351DCBCE9400E862EC /* PitchPerfect */ = {
			isa = PBXNativeTarget;
			buildConfigurationList = 3789B85E1DCBCE9500E862EC /* Build configuration list for PBXNativeTarget "PitchPerfect" */;
			buildPhases = (
				3789B8321DCBCE9400E862EC /* Sources */,
				3789B8331DCBCE9400E862EC /* Frameworks */,
				3789B8341DCBCE9400E862EC /* Resources */,
			);
			buildRules = (
			);
			dependencies = (
			);
			name = PitchPerfect;
			productName = PitchPerfect;
			productReference = 3789B8361DCBCE9400E862EC /* PitchPerfect.app */;
			productType = "com.apple.product-type.application";
		};
		3789B8491DCBCE9500E862EC /* PitchPerfectTests */ = {
			isa = PBXNativeTarget;
			buildConfigurationList = 3789B8611DCBCE9500E862EC /* Build configuration list for PBXNativeTarget "PitchPerfectTests" */;
			buildPhases = (
				3789B8461DCBCE9500E862EC /* Sources */,
				3789B8471DCBCE9500E862EC /* Frameworks */,
				3789B8481DCBCE9500E862EC /* Resources */,
			);
			buildRules = (
			);
			dependencies = (
				3789B84C1DCBCE9500E862EC /* PBXTargetDependency */,
			);
			name = PitchPerfectTests;
			productName = PitchPerfectTests;
			productReference = 3789B84A1DCBCE9500E862EC /* PitchPerfectTests.xctest */;
			productType = "com.apple.product-type.bundle.unit-test";
		};
		3789B8541DCBCE9500E862EC /* PitchPerfectUITests */ = {
			isa = PBXNativeTarget;
			buildConfigurationList = 3789B8641DCBCE9500E862EC /* Build configuration list for PBXNativeTarget "PitchPerfectUITests" */;
			buildPhases = (
				3789B8511DCBCE9500E862EC /* Sources */,
				3789B8521DCBCE9500E862EC /* Frameworks */,
				3789B8531DCBCE9500E862EC /* Resources */,
			);
			buildRules = (
			);
			dependencies = (
				3789B8571DCBCE9500E862EC /* PBXTargetDependency */,
			);
			name = PitchPerfectUITests;
			productName = PitchPerfectUITests;
			productReference = 3789B8551DCBCE9500E862EC /* PitchPerfectUITests.xctest */;
			productType = "com.apple.product-type.bundle.ui-testing";
		};
/* End PBXNativeTarget section */

/* Begin PBXProject section */
		3789B82E1DCBCE9400E862EC /* Project object */ = {
			isa = PBXProject;
			attributes = {
				LastSwiftUpdateCheck = 0730;
				LastUpgradeCheck = 0730;
				ORGANIZATIONNAME = "Gabriela S. Bizotto";
				TargetAttributes = {
					3789B8351DCBCE9400E862EC = {
						CreatedOnToolsVersion = 7.3.1;
					};
					3789B8491DCBCE9500E862EC = {
						CreatedOnToolsVersion = 7.3.1;
						TestTargetID = 3789B8351DCBCE9400E862EC;
					};
					3789B8541DCBCE9500E862EC = {
						CreatedOnToolsVersion = 7.3.1;
						TestTargetID = 3789B8351DCBCE9400E862EC;
					};
				};
			};
			buildConfigurationList = 3789B8311DCBCE9400E862EC /* Build configuration list for PBXProject "PitchPerfect" */;
			compatibilityVersion = "Xcode 3.2";
			developmentRegion = English;
			hasScannedForEncodings = 0;
			knownRegions = (
				en,
				Base,
			);
			mainGroup = 3789B82D1DCBCE9400E862EC;
			productRefGroup = 3789B8371DCBCE9400E862EC /* Products */;
			projectDirPath = "";
			projectRoot = "";
			targets = (
				3789B8351DCBCE9400E862EC /* PitchPerfect */,
				3789B8491DCBCE9500E862EC /* PitchPerfectTests */,
				3789B8541DCBCE9500E862EC /* PitchPerfectUITests */,
			);
		};
/* End PBXProject section */

/* Begin PBXResourcesBuildPhase section */
		3789B8341DCBCE9400E862EC /* Resources */ = {
			isa = PBXResourcesBuildPhase;
			buildActionMask = 2147483647;
			files = (
				3789B8441DCBCE9500E862EC /* LaunchScreen.storyboard in Resources */,
				3789B8411DCBCE9500E862EC /* Assets.xcassets in Resources */,
				3789B83F1DCBCE9400E862EC /* Main.storyboard in Resources */,
			);
			runOnlyForDeploymentPostprocessing = 0;
		};
		3789B8481DCBCE9500E862EC /* Resources */ = {
			isa = PBXResourcesBuildPhase;
			buildActionMask = 2147483647;
			files = (
			);
			runOnlyForDeploymentPostprocessing = 0;
		};
		3789B8531DCBCE9500E862EC /* Resources */ = {
			isa = PBXResourcesBuildPhase;
			buildActionMask = 2147483647;
			files = (
			);
			runOnlyForDeploymentPostprocessing = 0;
		};
/* End PBXResourcesBuildPhase section */

/* Begin PBXSourcesBuildPhase section */
		3789B8321DCBCE9400E862EC /* Sources */ = {
			isa = PBXSourcesBuildPhase;
			buildActionMask = 2147483647;
			files = (
				3789B83C1DCBCE9400E862EC /* RecordSoundsViewController.swift in Sources */,
				37D008601DD64BA9009812E9 /* PlaySoundsViewController+Audio.swift in Sources */,
				37FD0A041DD4B5B1003142B2 /* PlaySoundsViewController.swift in Sources */,
				3789B83A1DCBCE9400E862EC /* AppDelegate.swift in Sources */,
			);
			runOnlyForDeploymentPostprocessing = 0;
		};
		3789B8461DCBCE9500E862EC /* Sources */ = {
			isa = PBXSourcesBuildPhase;
			buildActionMask = 2147483647;
			files = (
				3789B84F1DCBCE9500E862EC /* PitchPerfectTests.swift in Sources */,
			);
			runOnlyForDeploymentPostprocessing = 0;
		};
		3789B8511DCBCE9500E862EC /* Sources */ = {
			isa = PBXSourcesBuildPhase;
			buildActionMask = 2147483647;
			files = (
				3789B85A1DCBCE9500E862EC /* PitchPerfectUITests.swift in Sources */,
			);
			runOnlyForDeploymentPostprocessing = 0;
		};
/* End PBXSourcesBuildPhase section */

/* Begin PBXTargetDependency section */
		3789B84C1DCBCE9500E862EC /* PBXTargetDependency */ = {
			isa = PBXTargetDependency;
			target = 3789B8351DCBCE9400E862EC /* PitchPerfect */;
			targetProxy = 3789B84B1DCBCE9500E862EC /* PBXContainerItemProxy */;
		};
		3789B8571DCBCE9500E862EC /* PBXTargetDependency */ = {
			isa = PBXTargetDependency;
			target = 3789B8351DCBCE9400E862EC /* PitchPerfect */;
			targetProxy = 3789B8561DCBCE9500E862EC /* PBXContainerItemProxy */;
		};
/* End PBXTargetDependency section */

/* Begin PBXVariantGroup section */
		3789B83D1DCBCE9400E862EC /* Main.storyboard */ = {
			isa = PBXVariantGroup;
			children = (
				3789B83E1DCBCE9400E862EC /* Base */,
			);
			name = Main.storyboard;
			sourceTree = "<group>";
		};
		3789B8421DCBCE9500E862EC /* LaunchScreen.storyboard */ = {
			isa = PBXVariantGroup;
			children = (
				3789B8431DCBCE9500E862EC /* Base */,
			);
			name = LaunchScreen.storyboard;
			sourceTree = "<group>";
		};
/* End PBXVariantGroup section */

/* Begin XCBuildConfiguration section */
		3789B85C1DCBCE9500E862EC /* Debug */ = {
			isa = XCBuildConfiguration;
			buildSettings = {
				ALWAYS_SEARCH_USER_PATHS = NO;
				CLANG_ANALYZER_NONNULL = YES;
				CLANG_CXX_LANGUAGE_STANDARD = "gnu++0x";
				CLANG_CXX_LIBRARY = "libc++";
				CLANG_ENABLE_MODULES = YES;
				CLANG_ENABLE_OBJC_ARC = YES;
				CLANG_WARN_BOOL_CONVERSION = YES;
				CLANG_WARN_CONSTANT_CONVERSION = YES;
				CLANG_WARN_DIRECT_OBJC_ISA_USAGE = YES_ERROR;
				CLANG_WARN_EMPTY_BODY = YES;
				CLANG_WARN_ENUM_CONVERSION = YES;
				CLANG_WARN_INT_CONVERSION = YES;
				CLANG_WARN_OBJC_ROOT_CLASS = YES_ERROR;
				CLANG_WARN_UNREACHABLE_CODE = YES;
				CLANG_WARN__DUPLICATE_METHOD_MATCH = YES;
				"CODE_SIGN_IDENTITY[sdk=iphoneos*]" = "iPhone Developer";
				COPY_PHASE_STRIP = NO;
				DEBUG_INFORMATION_FORMAT = dwarf;
				ENABLE_STRICT_OBJC_MSGSEND = YES;
				ENABLE_TESTABILITY = YES;
				GCC_C_LANGUAGE_STANDARD = gnu99;
				GCC_DYNAMIC_NO_PIC = NO;
				GCC_NO_COMMON_BLOCKS = YES;
				GCC_OPTIMIZATION_LEVEL = 0;
				GCC_PREPROCESSOR_DEFINITIONS = (
					"DEBUG=1",
					"$(inherited)",
				);
				GCC_WARN_64_TO_32_BIT_CONVERSION = YES;
				GCC_WARN_ABOUT_RETURN_TYPE = YES_ERROR;
				GCC_WARN_UNDECLARED_SELECTOR = YES;
				GCC_WARN_UNINITIALIZED_AUTOS = YES_AGGRESSIVE;
				GCC_WARN_UNUSED_FUNCTION = YES;
				GCC_WARN_UNUSED_VARIABLE = YES;
				IPHONEOS_DEPLOYMENT_TARGET = 9.3;
				MTL_ENABLE_DEBUG_INFO = YES;
				ONLY_ACTIVE_ARCH = YES;
				SDKROOT = iphoneos;
				SWIFT_OPTIMIZATION_LEVEL = "-Onone";
				TARGETED_DEVICE_FAMILY = "1,2";
			};
			name = Debug;
		};
		3789B85D1DCBCE9500E862EC /* Release */ = {
			isa = XCBuildConfiguration;
			buildSettings = {
				ALWAYS_SEARCH_USER_PATHS = NO;
				CLANG_ANALYZER_NONNULL = YES;
				CLANG_CXX_LANGUAGE_STANDARD = "gnu++0x";
				CLANG_CXX_LIBRARY = "libc++";
				CLANG_ENABLE_MODULES = YES;
				CLANG_ENABLE_OBJC_ARC = YES;
				CLANG_WARN_BOOL_CONVERSION = YES;
				CLANG_WARN_CONSTANT_CONVERSION = YES;
				CLANG_WARN_DIRECT_OBJC_ISA_USAGE = YES_ERROR;
				CLANG_WARN_EMPTY_BODY = YES;
				CLANG_WARN_ENUM_CONVERSION = YES;
				CLANG_WARN_INT_CONVERSION = YES;
				CLANG_WARN_OBJC_ROOT_CLASS = YES_ERROR;
				CLANG_WARN_UNREACHABLE_CODE = YES;
				CLANG_WARN__DUPLICATE_METHOD_MATCH = YES;
				"CODE_SIGN_IDENTITY[sdk=iphoneos*]" = "iPhone Developer";
				COPY_PHASE_STRIP = NO;
				DEBUG_INFORMATION_FORMAT = "dwarf-with-dsym";
				ENABLE_NS_ASSERTIONS = NO;
				ENABLE_STRICT_OBJC_MSGSEND = YES;
				GCC_C_LANGUAGE_STANDARD = gnu99;
				GCC_NO_COMMON_BLOCKS = YES;
				GCC_WARN_64_TO_32_BIT_CONVERSION = YES;
				GCC_WARN_ABOUT_RETURN_TYPE = YES_ERROR;
				GCC_WARN_UNDECLARED_SELECTOR = YES;
				GCC_WARN_UNINITIALIZED_AUTOS = YES_AGGRESSIVE;
				GCC_WARN_UNUSED_FUNCTION = YES;
				GCC_WARN_UNUSED_VARIABLE = YES;
				IPHONEOS_DEPLOYMENT_TARGET = 9.3;
				MTL_ENABLE_DEBUG_INFO = NO;
				SDKROOT = iphoneos;
				TARGETED_DEVICE_FAMILY = "1,2";
				VALIDATE_PRODUCT = YES;
			};
			name = Release;
		};
		3789B85F1DCBCE9500E862EC /* Debug */ = {
			isa = XCBuildConfiguration;
			buildSettings = {
				ASSETCATALOG_COMPILER_APPICON_NAME = AppIcon;
				INFOPLIST_FILE = PitchPerfect/Info.plist;
				LD_RUNPATH_SEARCH_PATHS = "$(inherited) @executable_path/Frameworks";
				PRODUCT_BUNDLE_IDENTIFIER = com.gbizotto.PitchPerfect;
				PRODUCT_NAME = "$(TARGET_NAME)";
			};
			name = Debug;
		};
		3789B8601DCBCE9500E862EC /* Release */ = {
			isa = XCBuildConfiguration;
			buildSettings = {
				ASSETCATALOG_COMPILER_APPICON_NAME = AppIcon;
				INFOPLIST_FILE = PitchPerfect/Info.plist;
				LD_RUNPATH_SEARCH_PATHS = "$(inherited) @executable_path/Frameworks";
				PRODUCT_BUNDLE_IDENTIFIER = com.gbizotto.PitchPerfect;
				PRODUCT_NAME = "$(TARGET_NAME)";
			};
			name = Release;
		};
		3789B8621DCBCE9500E862EC /* Debug */ = {
			isa = XCBuildConfiguration;
			buildSettings = {
				BUNDLE_LOADER = "$(TEST_HOST)";
				INFOPLIST_FILE = PitchPerfectTests/Info.plist;
				LD_RUNPATH_SEARCH_PATHS = "$(inherited) @executable_path/Frameworks @loader_path/Frameworks";
				PRODUCT_BUNDLE_IDENTIFIER = com.gbizotto.PitchPerfectTests;
				PRODUCT_NAME = "$(TARGET_NAME)";
				TEST_HOST = "$(BUILT_PRODUCTS_DIR)/PitchPerfect.app/PitchPerfect";
			};
			name = Debug;
		};
		3789B8631DCBCE9500E862EC /* Release */ = {
			isa = XCBuildConfiguration;
			buildSettings = {
				BUNDLE_LOADER = "$(TEST_HOST)";
				INFOPLIST_FILE = PitchPerfectTests/Info.plist;
				LD_RUNPATH_SEARCH_PATHS = "$(inherited) @executable_path/Frameworks @loader_path/Frameworks";
				PRODUCT_BUNDLE_IDENTIFIER = com.gbizotto.PitchPerfectTests;
				PRODUCT_NAME = "$(TARGET_NAME)";
				TEST_HOST = "$(BUILT_PRODUCTS_DIR)/PitchPerfect.app/PitchPerfect";
			};
			name = Release;
		};
		3789B8651DCBCE9500E862EC /* Debug */ = {
			isa = XCBuildConfiguration;
			buildSettings = {
				INFOPLIST_FILE = PitchPerfectUITests/Info.plist;
				LD_RUNPATH_SEARCH_PATHS = "$(inherited) @executable_path/Frameworks @loader_path/Frameworks";
				PRODUCT_BUNDLE_IDENTIFIER = com.gbizotto.PitchPerfectUITests;
				PRODUCT_NAME = "$(TARGET_NAME)";
				TEST_TARGET_NAME = PitchPerfect;
			};
			name = Debug;
		};
		3789B8661DCBCE9500E862EC /* Release */ = {
			isa = XCBuildConfiguration;
			buildSettings = {
				INFOPLIST_FILE = PitchPerfectUITests/Info.plist;
				LD_RUNPATH_SEARCH_PATHS = "$(inherited) @executable_path/Frameworks @loader_path/Frameworks";
				PRODUCT_BUNDLE_IDENTIFIER = com.gbizotto.PitchPerfectUITests;
				PRODUCT_NAME = "$(TARGET_NAME)";
				TEST_TARGET_NAME = PitchPerfect;
			};
			name = Release;
		};
/* End XCBuildConfiguration section */

/* Begin XCConfigurationList section */
		3789B8311DCBCE9400E862EC /* Build configuration list for PBXProject "PitchPerfect" */ = {
			isa = XCConfigurationList;
			buildConfigurations = (
				3789B85C1DCBCE9500E862EC /* Debug */,
				3789B85D1DCBCE9500E862EC /* Release */,
			);
			defaultConfigurationIsVisible = 0;
			defaultConfigurationName = Release;
		};
		3789B85E1DCBCE9500E862EC /* Build configuration list for PBXNativeTarget "PitchPerfect" */ = {
			isa = XCConfigurationList;
			buildConfigurations = (
				3789B85F1DCBCE9500E862EC /* Debug */,
				3789B8601DCBCE9500E862EC /* Release */,
			);
			defaultConfigurationIsVisible = 0;
			defaultConfigurationName = Release;
		};
		3789B8611DCBCE9500E862EC /* Build configuration list for PBXNativeTarget "PitchPerfectTests" */ = {
			isa = XCConfigurationList;
			buildConfigurations = (
				3789B8621DCBCE9500E862EC /* Debug */,
				3789B8631DCBCE9500E862EC /* Release */,
			);
			defaultConfigurationIsVisible = 0;
			defaultConfigurationName = Release;
		};
		3789B8641DCBCE9500E862EC /* Build configuration list for PBXNativeTarget "PitchPerfectUITests" */ = {
			isa = XCConfigurationList;
			buildConfigurations = (
				3789B8651DCBCE9500E862EC /* Debug */,
				3789B8661DCBCE9500E862EC /* Release */,
			);
			defaultConfigurationIsVisible = 0;
			defaultConfigurationName = Release;
		};
/* End XCConfigurationList section */
	};
	rootObject = 3789B82E1DCBCE9400E862EC /* Project object */;
}
